
Microsoft Visual Studio Solution File, Format Version 12.00
# Visual Studio Version 16
VisualStudioVersion = 16.0.31515.178
MinimumVisualStudioVersion = 10.0.40219.1
Project("{FAE04EC0-301F-11D3-BF4B-00C04F79EFBC}") = "EduProj", "EduProj\EduProj.csproj", "{F38F820D-E0C7-4D7A-A031-2A42F62464EB}"
EndProject
Global
	GlobalSection(SolutionConfigurationPlatforms) = preSolution
		Debug|Any CPU = Debug|Any CPU
		Release|Any CPU = Release|Any CPU
	EndGlobalSection
	GlobalSection(ProjectConfigurationPlatforms) = postSolution
		{F38F820D-E0C7-4D7A-A031-2A42F62464EB}.Debug|Any CPU.ActiveCfg = Debug|Any CPU
		{F38F820D-E0C7-4D7A-A031-2A42F62464EB}.Debug|Any CPU.Build.0 = Debug|Any CPU
		{F38F820D-E0C7-4D7A-A031-2A42F62464EB}.Release|Any CPU.ActiveCfg = Release|Any CPU
		{F38F820D-E0C7-4D7A-A031-2A42F62464EB}.Release|Any CPU.Build.0 = Release|Any CPU
	EndGlobalSection
	GlobalSection(SolutionProperties) = preSolution
		HideSolutionNode = FALSE
	EndGlobalSection
	GlobalSection(ExtensibilityGlobals) = postSolution
		SolutionGuid = {D3119392-CD5C-418F-B58D-F6E63125AF34}
	EndGlobalSection
EndGlobal
